
Microsoft Visual Studio Solution File, Format Version 12.00
# Visual Studio 15
VisualStudioVersion = 15.0.27428.2015
MinimumVisualStudioVersion = 10.0.40219.1
Project("{FAE04EC0-301F-11D3-BF4B-00C04F79EFBC}") = "ClassHelpers", "..\ClassHelpers\ClassHelpers.csproj", "{84005771-E2A5-4CCB-994D-955C6832EB7E}"
EndProject
Project("{FAE04EC0-301F-11D3-BF4B-00C04F79EFBC}") = "TestConsole", "TestConsole\TestConsole.csproj", "{F8C1E0CC-FAF7-4AD3-A5BE-BB9C9B9288F8}"
EndProject
Global
	GlobalSection(SolutionConfigurationPlatforms) = preSolution
		Debug|Any CPU = Debug|Any CPU
		Release|Any CPU = Release|Any CPU
	EndGlobalSection
	GlobalSection(ProjectConfigurationPlatforms) = postSolution
		{84005771-E2A5-4CCB-994D-955C6832EB7E}.Debug|Any CPU.ActiveCfg = Debug|Any CPU
		{84005771-E2A5-4CCB-994D-955C6832EB7E}.Debug|Any CPU.Build.0 = Debug|Any CPU
		{84005771-E2A5-4CCB-994D-955C6832EB7E}.Release|Any CPU.ActiveCfg = Release|Any CPU
		{84005771-E2A5-4CCB-994D-955C6832EB7E}.Release|Any CPU.Build.0 = Release|Any CPU
		{F8C1E0CC-FAF7-4AD3-A5BE-BB9C9B9288F8}.Debug|Any CPU.ActiveCfg = Debug|Any CPU
		{F8C1E0CC-FAF7-4AD3-A5BE-BB9C9B9288F8}.Debug|Any CPU.Build.0 = Debug|Any CPU
		{F8C1E0CC-FAF7-4AD3-A5BE-BB9C9B9288F8}.Release|Any CPU.ActiveCfg = Release|Any CPU
		{F8C1E0CC-FAF7-4AD3-A5BE-BB9C9B9288F8}.Release|Any CPU.Build.0 = Release|Any CPU
	EndGlobalSection
	GlobalSection(SolutionProperties) = preSolution
		HideSolutionNode = FALSE
	EndGlobalSection
	GlobalSection(ExtensibilityGlobals) = postSolution
		SolutionGuid = {9363B35F-E6D7-40BA-9136-75B85BB6D668}
	EndGlobalSection
EndGlobal
