
Microsoft Visual Studio Solution File, Format Version 12.00
# Visual Studio 15
VisualStudioVersion = 15.0.27428.2015
MinimumVisualStudioVersion = 10.0.40219.1
Project("{9A19103F-16F7-4668-BE54-9A1E7A4F7556}") = "TestConsole", "TestConsole\TestConsole.csproj", "{F8C1E0CC-FAF7-4AD3-A5BE-BB9C9B9288F8}"
EndProject
Project("{9A19103F-16F7-4668-BE54-9A1E7A4F7556}") = "CoreHelpers", "CoreHelper\CoreHelpers.csproj", "{79C66ADF-C9BE-4887-A15B-6A28FEBEDEEA}"
EndProject
Global
	GlobalSection(SolutionConfigurationPlatforms) = preSolution
		Debug|Any CPU = Debug|Any CPU
		Release|Any CPU = Release|Any CPU
	EndGlobalSection
	GlobalSection(ProjectConfigurationPlatforms) = postSolution
		{F8C1E0CC-FAF7-4AD3-A5BE-BB9C9B9288F8}.Debug|Any CPU.ActiveCfg = Debug|Any CPU
		{F8C1E0CC-FAF7-4AD3-A5BE-BB9C9B9288F8}.Debug|Any CPU.Build.0 = Debug|Any CPU
		{F8C1E0CC-FAF7-4AD3-A5BE-BB9C9B9288F8}.Release|Any CPU.ActiveCfg = Release|Any CPU
		{F8C1E0CC-FAF7-4AD3-A5BE-BB9C9B9288F8}.Release|Any CPU.Build.0 = Release|Any CPU
		{79C66ADF-C9BE-4887-A15B-6A28FEBEDEEA}.Debug|Any CPU.ActiveCfg = Debug|Any CPU
		{79C66ADF-C9BE-4887-A15B-6A28FEBEDEEA}.Debug|Any CPU.Build.0 = Debug|Any CPU
		{79C66ADF-C9BE-4887-A15B-6A28FEBEDEEA}.Release|Any CPU.ActiveCfg = Release|Any CPU
		{79C66ADF-C9BE-4887-A15B-6A28FEBEDEEA}.Release|Any CPU.Build.0 = Release|Any CPU
	EndGlobalSection
	GlobalSection(SolutionProperties) = preSolution
		HideSolutionNode = FALSE
	EndGlobalSection
	GlobalSection(ExtensibilityGlobals) = postSolution
		SolutionGuid = {9363B35F-E6D7-40BA-9136-75B85BB6D668}
	EndGlobalSection
EndGlobal
